
Microsoft Visual Studio Solution File, Format Version 12.00
# Visual Studio 14
VisualStudioVersion = 14.0.25420.1
MinimumVisualStudioVersion = 10.0.40219.1
Project("{FAE04EC0-301F-11D3-BF4B-00C04F79EFBC}") = "WebApi", "WebApi\WebApi.csproj", "{F1EFD794-1B34-426B-97B9-22E7CFEC5370}"
EndProject
Project("{FAE04EC0-301F-11D3-BF4B-00C04F79EFBC}") = "HM.BAL", "HM.BAL\HM.BAL.csproj", "{5A0542C9-6425-4F2D-A535-DA37EC29C005}"
EndProject
Project("{FAE04EC0-301F-11D3-BF4B-00C04F79EFBC}") = "HM.Model", "HM.Model\HM.Model.csproj", "{35F74579-3119-415D-9D71-C54E5B4AD4ED}"
EndProject
Project("{FAE04EC0-301F-11D3-BF4B-00C04F79EFBC}") = "HM.DAL", "HM.DAL\HM.DAL.csproj", "{5309896D-52F6-4E74-BD5A-04EBB39CE0ED}"
EndProject
Global
	GlobalSection(SolutionConfigurationPlatforms) = preSolution
		Debug|Any CPU = Debug|Any CPU
		Release|Any CPU = Release|Any CPU
	EndGlobalSection
	GlobalSection(ProjectConfigurationPlatforms) = postSolution
		{F1EFD794-1B34-426B-97B9-22E7CFEC5370}.Debug|Any CPU.ActiveCfg = Debug|Any CPU
		{F1EFD794-1B34-426B-97B9-22E7CFEC5370}.Debug|Any CPU.Build.0 = Debug|Any CPU
		{F1EFD794-1B34-426B-97B9-22E7CFEC5370}.Release|Any CPU.ActiveCfg = Release|Any CPU
		{F1EFD794-1B34-426B-97B9-22E7CFEC5370}.Release|Any CPU.Build.0 = Release|Any CPU
		{5A0542C9-6425-4F2D-A535-DA37EC29C005}.Debug|Any CPU.ActiveCfg = Debug|Any CPU
		{5A0542C9-6425-4F2D-A535-DA37EC29C005}.Debug|Any CPU.Build.0 = Debug|Any CPU
		{5A0542C9-6425-4F2D-A535-DA37EC29C005}.Release|Any CPU.ActiveCfg = Release|Any CPU
		{5A0542C9-6425-4F2D-A535-DA37EC29C005}.Release|Any CPU.Build.0 = Release|Any CPU
		{35F74579-3119-415D-9D71-C54E5B4AD4ED}.Debug|Any CPU.ActiveCfg = Debug|Any CPU
		{35F74579-3119-415D-9D71-C54E5B4AD4ED}.Debug|Any CPU.Build.0 = Debug|Any CPU
		{35F74579-3119-415D-9D71-C54E5B4AD4ED}.Release|Any CPU.ActiveCfg = Release|Any CPU
		{35F74579-3119-415D-9D71-C54E5B4AD4ED}.Release|Any CPU.Build.0 = Release|Any CPU
		{5309896D-52F6-4E74-BD5A-04EBB39CE0ED}.Debug|Any CPU.ActiveCfg = Debug|Any CPU
		{5309896D-52F6-4E74-BD5A-04EBB39CE0ED}.Debug|Any CPU.Build.0 = Debug|Any CPU
		{5309896D-52F6-4E74-BD5A-04EBB39CE0ED}.Release|Any CPU.ActiveCfg = Release|Any CPU
		{5309896D-52F6-4E74-BD5A-04EBB39CE0ED}.Release|Any CPU.Build.0 = Release|Any CPU
	EndGlobalSection
	GlobalSection(SolutionProperties) = preSolution
		HideSolutionNode = FALSE
	EndGlobalSection
EndGlobal
